
Microsoft Visual Studio Solution File, Format Version 12.00
# Visual Studio 15
VisualStudioVersion = 15.0.27703.2035
MinimumVisualStudioVersion = 10.0.40219.1
Project("{FAE04EC0-301F-11D3-BF4B-00C04F79EFBC}") = "Photoshop_DSTU", "Photoshop_DSTU\Photoshop_DSTU.csproj", "{7820760B-49A0-4DDD-9B0D-2B82128839E1}"
EndProject
Project("{FAE04EC0-301F-11D3-BF4B-00C04F79EFBC}") = "Skeleton", "Core\Skeleton.csproj", "{28218E1A-AA52-4824-8695-D78FDD5F9094}"
EndProject
Project("{FAE04EC0-301F-11D3-BF4B-00C04F79EFBC}") = "CommonLibrary", "CommonLibrary\CommonLibrary.csproj", "{283CA186-4D73-4E68-8CD0-30EB594818FA}"
EndProject
Project("{FAE04EC0-301F-11D3-BF4B-00C04F79EFBC}") = "BaseTools", "Base\BaseTools.csproj", "{7E86AA22-EB4E-4FC9-BB31-36F5171248B1}"
EndProject
Global
	GlobalSection(SolutionConfigurationPlatforms) = preSolution
		Debug|Any CPU = Debug|Any CPU
		Release|Any CPU = Release|Any CPU
	EndGlobalSection
	GlobalSection(ProjectConfigurationPlatforms) = postSolution
		{7820760B-49A0-4DDD-9B0D-2B82128839E1}.Debug|Any CPU.ActiveCfg = Debug|Any CPU
		{7820760B-49A0-4DDD-9B0D-2B82128839E1}.Debug|Any CPU.Build.0 = Debug|Any CPU
		{7820760B-49A0-4DDD-9B0D-2B82128839E1}.Release|Any CPU.ActiveCfg = Release|Any CPU
		{7820760B-49A0-4DDD-9B0D-2B82128839E1}.Release|Any CPU.Build.0 = Release|Any CPU
		{28218E1A-AA52-4824-8695-D78FDD5F9094}.Debug|Any CPU.ActiveCfg = Debug|Any CPU
		{28218E1A-AA52-4824-8695-D78FDD5F9094}.Debug|Any CPU.Build.0 = Debug|Any CPU
		{28218E1A-AA52-4824-8695-D78FDD5F9094}.Release|Any CPU.ActiveCfg = Release|Any CPU
		{28218E1A-AA52-4824-8695-D78FDD5F9094}.Release|Any CPU.Build.0 = Release|Any CPU
		{283CA186-4D73-4E68-8CD0-30EB594818FA}.Debug|Any CPU.ActiveCfg = Debug|Any CPU
		{283CA186-4D73-4E68-8CD0-30EB594818FA}.Debug|Any CPU.Build.0 = Debug|Any CPU
		{283CA186-4D73-4E68-8CD0-30EB594818FA}.Release|Any CPU.ActiveCfg = Release|Any CPU
		{283CA186-4D73-4E68-8CD0-30EB594818FA}.Release|Any CPU.Build.0 = Release|Any CPU
		{7E86AA22-EB4E-4FC9-BB31-36F5171248B1}.Debug|Any CPU.ActiveCfg = Debug|Any CPU
		{7E86AA22-EB4E-4FC9-BB31-36F5171248B1}.Debug|Any CPU.Build.0 = Debug|Any CPU
		{7E86AA22-EB4E-4FC9-BB31-36F5171248B1}.Release|Any CPU.ActiveCfg = Release|Any CPU
		{7E86AA22-EB4E-4FC9-BB31-36F5171248B1}.Release|Any CPU.Build.0 = Release|Any CPU
	EndGlobalSection
	GlobalSection(SolutionProperties) = preSolution
		HideSolutionNode = FALSE
	EndGlobalSection
	GlobalSection(ExtensibilityGlobals) = postSolution
		SolutionGuid = {B6A6F8C1-EA11-4500-914A-C8F1E643CAA6}
	EndGlobalSection
EndGlobal
